// !$*UTF8*$!
{
	archiveVersion = 1;
	classes = {
	};
	objectVersion = 46;
	objects = {

/* Begin PBXBuildFile section */
		08180C8E1F5D06DC00A40F5F /* AppDelegate.swift in Sources */ = {isa = PBXBuildFile; fileRef = 08180C8D1F5D06DC00A40F5F /* AppDelegate.swift */; };
		08180C931F5D06DC00A40F5F /* Main.storyboard in Resources */ = {isa = PBXBuildFile; fileRef = 08180C911F5D06DC00A40F5F /* Main.storyboard */; };
		08180C951F5D06DC00A40F5F /* Assets.xcassets in Resources */ = {isa = PBXBuildFile; fileRef = 08180C941F5D06DC00A40F5F /* Assets.xcassets */; };
		08180C981F5D06DC00A40F5F /* LaunchScreen.storyboard in Resources */ = {isa = PBXBuildFile; fileRef = 08180C961F5D06DC00A40F5F /* LaunchScreen.storyboard */; };
		08180CA01F5D273F00A40F5F /* FlickrPhotosViewController.swift in Sources */ = {isa = PBXBuildFile; fileRef = 08180C9F1F5D273F00A40F5F /* FlickrPhotosViewController.swift */; };
		08180CA51F5D280400A40F5F /* Flickr.swift in Sources */ = {isa = PBXBuildFile; fileRef = 08180CA21F5D280400A40F5F /* Flickr.swift */; };
		08180CA61F5D280400A40F5F /* FlickrPhoto.swift in Sources */ = {isa = PBXBuildFile; fileRef = 08180CA31F5D280400A40F5F /* FlickrPhoto.swift */; };
		08180CA71F5D280400A40F5F /* FlickrSearchResults.swift in Sources */ = {isa = PBXBuildFile; fileRef = 08180CA41F5D280400A40F5F /* FlickrSearchResults.swift */; };
		08180CA91F5D307D00A40F5F /* FlickrPhotoCell.swift in Sources */ = {isa = PBXBuildFile; fileRef = 08180CA81F5D307D00A40F5F /* FlickrPhotoCell.swift */; };
/* End PBXBuildFile section */

/* Begin PBXFileReference section */
		08180C8A1F5D06DC00A40F5F /* Flickr Search.app */ = {isa = PBXFileReference; explicitFileType = wrapper.application; includeInIndex = 0; path = "Flickr Search.app"; sourceTree = BUILT_PRODUCTS_DIR; };
		08180C8D1F5D06DC00A40F5F /* AppDelegate.swift */ = {isa = PBXFileReference; lastKnownFileType = sourcecode.swift; path = AppDelegate.swift; sourceTree = "<group>"; };
		08180C921F5D06DC00A40F5F /* Base */ = {isa = PBXFileReference; lastKnownFileType = file.storyboard; name = Base; path = Base.lproj/Main.storyboard; sourceTree = "<group>"; };
		08180C941F5D06DC00A40F5F /* Assets.xcassets */ = {isa = PBXFileReference; lastKnownFileType = folder.assetcatalog; path = Assets.xcassets; sourceTree = "<group>"; };
		08180C971F5D06DC00A40F5F /* Base */ = {isa = PBXFileReference; lastKnownFileType = file.storyboard; name = Base; path = Base.lproj/LaunchScreen.storyboard; sourceTree = "<group>"; };
		08180C991F5D06DC00A40F5F /* Info.plist */ = {isa = PBXFileReference; lastKnownFileType = text.plist.xml; path = Info.plist; sourceTree = "<group>"; };
		08180C9F1F5D273F00A40F5F /* FlickrPhotosViewController.swift */ = {isa = PBXFileReference; fileEncoding = 4; lastKnownFileType = sourcecode.swift; path = FlickrPhotosViewController.swift; sourceTree = "<group>"; };
		08180CA21F5D280400A40F5F /* Flickr.swift */ = {isa = PBXFileReference; fileEncoding = 4; lastKnownFileType = sourcecode.swift; path = Flickr.swift; sourceTree = "<group>"; };
		08180CA31F5D280400A40F5F /* FlickrPhoto.swift */ = {isa = PBXFileReference; fileEncoding = 4; lastKnownFileType = sourcecode.swift; path = FlickrPhoto.swift; sourceTree = "<group>"; };
		08180CA41F5D280400A40F5F /* FlickrSearchResults.swift */ = {isa = PBXFileReference; fileEncoding = 4; lastKnownFileType = sourcecode.swift; path = FlickrSearchResults.swift; sourceTree = "<group>"; };
		08180CA81F5D307D00A40F5F /* FlickrPhotoCell.swift */ = {isa = PBXFileReference; fileEncoding = 4; lastKnownFileType = sourcecode.swift; path = FlickrPhotoCell.swift; sourceTree = "<group>"; };
/* End PBXFileReference section */

/* Begin PBXFrameworksBuildPhase section */
		08180C871F5D06DC00A40F5F /* Frameworks */ = {
			isa = PBXFrameworksBuildPhase;
			buildActionMask = 2147483647;
			files = (
			);
			runOnlyForDeploymentPostprocessing = 0;
		};
/* End PBXFrameworksBuildPhase section */

/* Begin PBXGroup section */
		08180C811F5D06DC00A40F5F = {
			isa = PBXGroup;
			children = (
				08180C8C1F5D06DC00A40F5F /* Flickr Search */,
				08180C8B1F5D06DC00A40F5F /* Products */,
			);
			sourceTree = "<group>";
		};
		08180C8B1F5D06DC00A40F5F /* Products */ = {
			isa = PBXGroup;
			children = (
				08180C8A1F5D06DC00A40F5F /* Flickr Search.app */,
			);
			name = Products;
			sourceTree = "<group>";
		};
		08180C8C1F5D06DC00A40F5F /* Flickr Search */ = {
			isa = PBXGroup;
			children = (
				08180CA11F5D280400A40F5F /* FlickrFiles */,
				08180C8D1F5D06DC00A40F5F /* AppDelegate.swift */,
				08180C911F5D06DC00A40F5F /* Main.storyboard */,
				08180C941F5D06DC00A40F5F /* Assets.xcassets */,
				08180C961F5D06DC00A40F5F /* LaunchScreen.storyboard */,
				08180C991F5D06DC00A40F5F /* Info.plist */,
				08180C9F1F5D273F00A40F5F /* FlickrPhotosViewController.swift */,
				08180CA81F5D307D00A40F5F /* FlickrPhotoCell.swift */,
			);
			path = "Flickr Search";
			sourceTree = "<group>";
		};
		08180CA11F5D280400A40F5F /* FlickrFiles */ = {
			isa = PBXGroup;
			children = (
				08180CA21F5D280400A40F5F /* Flickr.swift */,
				08180CA31F5D280400A40F5F /* FlickrPhoto.swift */,
				08180CA41F5D280400A40F5F /* FlickrSearchResults.swift */,
			);
			path = FlickrFiles;
			sourceTree = "<group>";
		};
/* End PBXGroup section */

/* Begin PBXNativeTarget section */
		08180C891F5D06DC00A40F5F /* Flickr Search */ = {
			isa = PBXNativeTarget;
			buildConfigurationList = 08180C9C1F5D06DC00A40F5F /* Build configuration list for PBXNativeTarget "Flickr Search" */;
			buildPhases = (
				08180C861F5D06DC00A40F5F /* Sources */,
				08180C871F5D06DC00A40F5F /* Frameworks */,
				08180C881F5D06DC00A40F5F /* Resources */,
			);
			buildRules = (
			);
			dependencies = (
			);
			name = "Flickr Search";
			productName = "Flickr Search";
			productReference = 08180C8A1F5D06DC00A40F5F /* Flickr Search.app */;
			productType = "com.apple.product-type.application";
		};
/* End PBXNativeTarget section */

/* Begin PBXProject section */
		08180C821F5D06DC00A40F5F /* Project object */ = {
			isa = PBXProject;
			attributes = {
				LastSwiftUpdateCheck = 0830;
				LastUpgradeCheck = 0830;
				ORGANIZATIONNAME = neal;
				TargetAttributes = {
					08180C891F5D06DC00A40F5F = {
						CreatedOnToolsVersion = 8.3.3;
						ProvisioningStyle = Automatic;
					};
				};
			};
			buildConfigurationList = 08180C851F5D06DC00A40F5F /* Build configuration list for PBXProject "Flickr Search" */;
			compatibilityVersion = "Xcode 3.2";
			developmentRegion = English;
			hasScannedForEncodings = 0;
			knownRegions = (
				en,
				Base,
			);
			mainGroup = 08180C811F5D06DC00A40F5F;
			productRefGroup = 08180C8B1F5D06DC00A40F5F /* Products */;
			projectDirPath = "";
			projectRoot = "";
			targets = (
				08180C891F5D06DC00A40F5F /* Flickr Search */,
			);
		};
/* End PBXProject section */

/* Begin PBXResourcesBuildPhase section */
		08180C881F5D06DC00A40F5F /* Resources */ = {
			isa = PBXResourcesBuildPhase;
			buildActionMask = 2147483647;
			files = (
				08180C981F5D06DC00A40F5F /* LaunchScreen.storyboard in Resources */,
				08180C951F5D06DC00A40F5F /* Assets.xcassets in Resources */,
				08180C931F5D06DC00A40F5F /* Main.storyboard in Resources */,
			);
			runOnlyForDeploymentPostprocessing = 0;
		};
/* End PBXResourcesBuildPhase section */

/* Begin PBXSourcesBuildPhase section */
		08180C861F5D06DC00A40F5F /* Sources */ = {
			isa = PBXSourcesBuildPhase;
			buildActionMask = 2147483647;
			files = (
				08180CA01F5D273F00A40F5F /* FlickrPhotosViewController.swift in Sources */,
				08180CA71F5D280400A40F5F /* FlickrSearchResults.swift in Sources */,
				08180CA61F5D280400A40F5F /* FlickrPhoto.swift in Sources */,
				08180CA51F5D280400A40F5F /* Flickr.swift in Sources */,
				08180C8E1F5D06DC00A40F5F /* AppDelegate.swift in Sources */,
				08180CA91F5D307D00A40F5F /* FlickrPhotoCell.swift in Sources */,
			);
			runOnlyForDeploymentPostprocessing = 0;
		};
/* End PBXSourcesBuildPhase section */

/* Begin PBXVariantGroup section */
		08180C911F5D06DC00A40F5F /* Main.storyboard */ = {
			isa = PBXVariantGroup;
			children = (
				08180C921F5D06DC00A40F5F /* Base */,
			);
			name = Main.storyboard;
			sourceTree = "<group>";
		};
		08180C961F5D06DC00A40F5F /* LaunchScreen.storyboard */ = {
			isa = PBXVariantGroup;
			children = (
				08180C971F5D06DC00A40F5F /* Base */,
			);
			name = LaunchScreen.storyboard;
			sourceTree = "<group>";
		};
/* End PBXVariantGroup section */

/* Begin XCBuildConfiguration section */
		08180C9A1F5D06DC00A40F5F /* Debug */ = {
			isa = XCBuildConfiguration;
			buildSettings = {
				ALWAYS_SEARCH_USER_PATHS = NO;
				CLANG_ANALYZER_NONNULL = YES;
				CLANG_ANALYZER_NUMBER_OBJECT_CONVERSION = YES_AGGRESSIVE;
				CLANG_CXX_LANGUAGE_STANDARD = "gnu++0x";
				CLANG_CXX_LIBRARY = "libc++";
				CLANG_ENABLE_MODULES = YES;
				CLANG_ENABLE_OBJC_ARC = YES;
				CLANG_WARN_BOOL_CONVERSION = YES;
				CLANG_WARN_CONSTANT_CONVERSION = YES;
				CLANG_WARN_DIRECT_OBJC_ISA_USAGE = YES_ERROR;
				CLANG_WARN_DOCUMENTATION_COMMENTS = YES;
				CLANG_WARN_EMPTY_BODY = YES;
				CLANG_WARN_ENUM_CONVERSION = YES;
				CLANG_WARN_INFINITE_RECURSION = YES;
				CLANG_WARN_INT_CONVERSION = YES;
				CLANG_WARN_OBJC_ROOT_CLASS = YES_ERROR;
				CLANG_WARN_SUSPICIOUS_MOVE = YES;
				CLANG_WARN_UNREACHABLE_CODE = YES;
				CLANG_WARN__DUPLICATE_METHOD_MATCH = YES;
				"CODE_SIGN_IDENTITY[sdk=iphoneos*]" = "iPhone Developer";
				COPY_PHASE_STRIP = NO;
				DEBUG_INFORMATION_FORMAT = dwarf;
				ENABLE_STRICT_OBJC_MSGSEND = YES;
				ENABLE_TESTABILITY = YES;
				GCC_C_LANGUAGE_STANDARD = gnu99;
				GCC_DYNAMIC_NO_PIC = NO;
				GCC_NO_COMMON_BLOCKS = YES;
				GCC_OPTIMIZATION_LEVEL = 0;
				GCC_PREPROCESSOR_DEFINITIONS = (
					"DEBUG=1",
					"$(inherited)",
				);
				GCC_WARN_64_TO_32_BIT_CONVERSION = YES;
				GCC_WARN_ABOUT_RETURN_TYPE = YES_ERROR;
				GCC_WARN_UNDECLARED_SELECTOR = YES;
				GCC_WARN_UNINITIALIZED_AUTOS = YES_AGGRESSIVE;
				GCC_WARN_UNUSED_FUNCTION = YES;
				GCC_WARN_UNUSED_VARIABLE = YES;
				IPHONEOS_DEPLOYMENT_TARGET = 10.3;
				MTL_ENABLE_DEBUG_INFO = YES;
				ONLY_ACTIVE_ARCH = YES;
				SDKROOT = iphoneos;
				SWIFT_ACTIVE_COMPILATION_CONDITIONS = DEBUG;
				SWIFT_OPTIMIZATION_LEVEL = "-Onone";
				TARGETED_DEVICE_FAMILY = "1,2";
			};
			name = Debug;
		};
		08180C9B1F5D06DC00A40F5F /* Release */ = {
			isa = XCBuildConfiguration;
			buildSettings = {
				ALWAYS_SEARCH_USER_PATHS = NO;
				CLANG_ANALYZER_NONNULL = YES;
				CLANG_ANALYZER_NUMBER_OBJECT_CONVERSION = YES_AGGRESSIVE;
				CLANG_CXX_LANGUAGE_STANDARD = "gnu++0x";
				CLANG_CXX_LIBRARY = "libc++";
				CLANG_ENABLE_MODULES = YES;
				CLANG_ENABLE_OBJC_ARC = YES;
				CLANG_WARN_BOOL_CONVERSION = YES;
				CLANG_WARN_CONSTANT_CONVERSION = YES;
				CLANG_WARN_DIRECT_OBJC_ISA_USAGE = YES_ERROR;
				CLANG_WARN_DOCUMENTATION_COMMENTS = YES;
				CLANG_WARN_EMPTY_BODY = YES;
				CLANG_WARN_ENUM_CONVERSION = YES;
				CLANG_WARN_INFINITE_RECURSION = YES;
				CLANG_WARN_INT_CONVERSION = YES;
				CLANG_WARN_OBJC_ROOT_CLASS = YES_ERROR;
				CLANG_WARN_SUSPICIOUS_MOVE = YES;
				CLANG_WARN_UNREACHABLE_CODE = YES;
				CLANG_WARN__DUPLICATE_METHOD_MATCH = YES;
				"CODE_SIGN_IDENTITY[sdk=iphoneos*]" = "iPhone Developer";
				COPY_PHASE_STRIP = NO;
				DEBUG_INFORMATION_FORMAT = "dwarf-with-dsym";
				ENABLE_NS_ASSERTIONS = NO;
				ENABLE_STRICT_OBJC_MSGSEND = YES;
				GCC_C_LANGUAGE_STANDARD = gnu99;
				GCC_NO_COMMON_BLOCKS = YES;
				GCC_WARN_64_TO_32_BIT_CONVERSION = YES;
				GCC_WARN_ABOUT_RETURN_TYPE = YES_ERROR;
				GCC_WARN_UNDECLARED_SELECTOR = YES;
				GCC_WARN_UNINITIALIZED_AUTOS = YES_AGGRESSIVE;
				GCC_WARN_UNUSED_FUNCTION = YES;
				GCC_WARN_UNUSED_VARIABLE = YES;
				IPHONEOS_DEPLOYMENT_TARGET = 10.3;
				MTL_ENABLE_DEBUG_INFO = NO;
				SDKROOT = iphoneos;
				SWIFT_OPTIMIZATION_LEVEL = "-Owholemodule";
				TARGETED_DEVICE_FAMILY = "1,2";
				VALIDATE_PRODUCT = YES;
			};
			name = Release;
		};
		08180C9D1F5D06DC00A40F5F /* Debug */ = {
			isa = XCBuildConfiguration;
			buildSettings = {
				ASSETCATALOG_COMPILER_APPICON_NAME = AppIcon;
				INFOPLIST_FILE = "Flickr Search/Info.plist";
				LD_RUNPATH_SEARCH_PATHS = "$(inherited) @executable_path/Frameworks";
				PRODUCT_BUNDLE_IDENTIFIER = "com.neal.Flickr-Search";
				PRODUCT_NAME = "$(TARGET_NAME)";
				SWIFT_VERSION = 3.0;
			};
			name = Debug;
		};
		08180C9E1F5D06DC00A40F5F /* Release */ = {
			isa = XCBuildConfiguration;
			buildSettings = {
				ASSETCATALOG_COMPILER_APPICON_NAME = AppIcon;
				INFOPLIST_FILE = "Flickr Search/Info.plist";
				LD_RUNPATH_SEARCH_PATHS = "$(inherited) @executable_path/Frameworks";
				PRODUCT_BUNDLE_IDENTIFIER = "com.neal.Flickr-Search";
				PRODUCT_NAME = "$(TARGET_NAME)";
				SWIFT_VERSION = 3.0;
			};
			name = Release;
		};
/* End XCBuildConfiguration section */

/* Begin XCConfigurationList section */
		08180C851F5D06DC00A40F5F /* Build configuration list for PBXProject "Flickr Search" */ = {
			isa = XCConfigurationList;
			buildConfigurations = (
				08180C9A1F5D06DC00A40F5F /* Debug */,
				08180C9B1F5D06DC00A40F5F /* Release */,
			);
			defaultConfigurationIsVisible = 0;
			defaultConfigurationName = Release;
		};
		08180C9C1F5D06DC00A40F5F /* Build configuration list for PBXNativeTarget "Flickr Search" */ = {
			isa = XCConfigurationList;
			buildConfigurations = (
				08180C9D1F5D06DC00A40F5F /* Debug */,
				08180C9E1F5D06DC00A40F5F /* Release */,
			);
			defaultConfigurationIsVisible = 0;
		};
/* End XCConfigurationList section */
	};
	rootObject = 08180C821F5D06DC00A40F5F /* Project object */;
}
